
Microsoft Visual Studio Solution File, Format Version 12.00
# Visual Studio Version 17
VisualStudioVersion = 17.11.35222.181
MinimumVisualStudioVersion = 10.0.40219.1
Project("{FAE04EC0-301F-11D3-BF4B-00C04F79EFBC}") = "TipCalculator", "TipCalculator\TipCalculator.csproj", "{BBB10790-D58E-4345-9A8A-A26C9D77BA1A}"
EndProject
Global
	GlobalSection(SolutionConfigurationPlatforms) = preSolution
		Debug|Any CPU = Debug|Any CPU
		Release|Any CPU = Release|Any CPU
	EndGlobalSection
	GlobalSection(ProjectConfigurationPlatforms) = postSolution
		{BBB10790-D58E-4345-9A8A-A26C9D77BA1A}.Debug|Any CPU.ActiveCfg = Debug|Any CPU
		{BBB10790-D58E-4345-9A8A-A26C9D77BA1A}.Debug|Any CPU.Build.0 = Debug|Any CPU
		{BBB10790-D58E-4345-9A8A-A26C9D77BA1A}.Release|Any CPU.ActiveCfg = Release|Any CPU
		{BBB10790-D58E-4345-9A8A-A26C9D77BA1A}.Release|Any CPU.Build.0 = Release|Any CPU
	EndGlobalSection
	GlobalSection(SolutionProperties) = preSolution
		HideSolutionNode = FALSE
	EndGlobalSection
	GlobalSection(ExtensibilityGlobals) = postSolution
		SolutionGuid = {07D3A01C-AB0A-4DF1-B07B-AA40AE41873A}
	EndGlobalSection
EndGlobal
